Microsoft Visual Studio Solution File, Format Version 12.00
# Visual Studio Version 17
VisualStudioVersion = 17.5.2.0
MinimumVisualStudioVersion = 10.0.40219.1
Project("{FAE04EC0-301F-11D3-BF4B-00C04F79EFBC}") = "Task3_9", "Task3_9.csproj", "{06AC5BA1-E7E3-0B65-A7A3-27625CFFDF75}"
EndProject
Global
	GlobalSection(SolutionConfigurationPlatforms) = preSolution
		Debug|Any CPU = Debug|Any CPU
		Release|Any CPU = Release|Any CPU
	EndGlobalSection
	GlobalSection(ProjectConfigurationPlatforms) = postSolution
		{06AC5BA1-E7E3-0B65-A7A3-27625CFFDF75}.Debug|Any CPU.ActiveCfg = Debug|Any CPU
		{06AC5BA1-E7E3-0B65-A7A3-27625CFFDF75}.Debug|Any CPU.Build.0 = Debug|Any CPU
		{06AC5BA1-E7E3-0B65-A7A3-27625CFFDF75}.Release|Any CPU.ActiveCfg = Release|Any CPU
		{06AC5BA1-E7E3-0B65-A7A3-27625CFFDF75}.Release|Any CPU.Build.0 = Release|Any CPU
	EndGlobalSection
	GlobalSection(SolutionProperties) = preSolution
		HideSolutionNode = FALSE
	EndGlobalSection
	GlobalSection(ExtensibilityGlobals) = postSolution
		SolutionGuid = {C039AB98-D2CC-460C-B9FE-56398C7EA4C8}
	EndGlobalSection
EndGlobal
